{
    "name": "hans5958-github-profile-readme",
    "version": "1.0.0",
    "lockfileVersion": 2,
    "requires": true,
    "packages": {
        "": {
            "name": "hans5958-github-profile-readme",
            "version": "1.0.0",
            "license": "MIT",
            "dependencies": {
                "@actions/core": "^1.10.1",
                "@octokit/rest": "^20.1.1",
                "child-process-promise": "^2.2.1",
                "dayjs": "^1.11.11"
            }
        },
        "node_modules/@actions/core": {
            "version": "1.10.1",
            "resolved": "https://registry.npmjs.org/@actions/core/-/core-1.10.1.tgz",
            "integrity": "sha512-3lBR9EDAY+iYIpTnTIXmWcNbX3T2kCkAEQGIQx4NVQ0575nk2k3GRZDTPQG+vVtS2izSLmINlxXf0uLtnrTP+g==",
            "dependencies": {
                "@actions/http-client": "^2.0.1",
                "uuid": "^8.3.2"
            }
        },
        "node_modules/@actions/http-client": {
            "version": "2.0.1",
            "resolved": "https://registry.npmjs.org/@actions/http-client/-/http-client-2.0.1.tgz",
            "integrity": "sha512-PIXiMVtz6VvyaRsGY268qvj57hXQEpsYogYOu2nrQhlf+XCGmZstmuZBbAybUl1nQGnvS1k1eEsQ69ZoD7xlSw==",
            "dependencies": {
                "tunnel": "^0.0.6"
            }
        },
        "node_modules/@octokit/auth-token": {
            "version": "4.0.0",
            "resolved": "https://registry.npmjs.org/@octokit/auth-token/-/auth-token-4.0.0.tgz",
            "integrity": "sha512-tY/msAuJo6ARbK6SPIxZrPBms3xPbfwBrulZe0Wtr/DIY9lje2HeV1uoebShn6mx7SjCHif6EjMvoREj+gZ+SA==",
            "engines": {
                "node": ">= 18"
            }
        },
        "node_modules/@octokit/core": {
            "version": "5.2.0",
            "resolved": "https://registry.npmjs.org/@octokit/core/-/core-5.2.0.tgz",
            "integrity": "sha512-1LFfa/qnMQvEOAdzlQymH0ulepxbxnCYAKJZfMci/5XJyIHWgEYnDmgnKakbTh7CH2tFQ5O60oYDvns4i9RAIg==",
            "dependencies": {
                "@octokit/auth-token": "^4.0.0",
                "@octokit/graphql": "^7.1.0",
                "@octokit/request": "^8.3.1",
                "@octokit/request-error": "^5.1.0",
                "@octokit/types": "^13.0.0",
                "before-after-hook": "^2.2.0",
                "universal-user-agent": "^6.0.0"
            },
            "engines": {
                "node": ">= 18"
            }
        },
        "node_modules/@octokit/endpoint": {
            "version": "9.0.5",
            "resolved": "https://registry.npmjs.org/@octokit/endpoint/-/endpoint-9.0.5.tgz",
            "integrity": "sha512-ekqR4/+PCLkEBF6qgj8WqJfvDq65RH85OAgrtnVp1mSxaXF03u2xW/hUdweGS5654IlC0wkNYC18Z50tSYTAFw==",
            "dependencies": {
                "@octokit/types": "^13.1.0",
                "universal-user-agent": "^6.0.0"
            },
            "engines": {
                "node": ">= 18"
            }
        },
        "node_modules/@octokit/graphql": {
            "version": "7.1.0",
            "resolved": "https://registry.npmjs.org/@octokit/graphql/-/graphql-7.1.0.tgz",
            "integrity": "sha512-r+oZUH7aMFui1ypZnAvZmn0KSqAUgE1/tUXIWaqUCa1758ts/Jio84GZuzsvUkme98kv0WFY8//n0J1Z+vsIsQ==",
            "dependencies": {
                "@octokit/request": "^8.3.0",
                "@octokit/types": "^13.0.0",
                "universal-user-agent": "^6.0.0"
            },
            "engines": {
                "node": ">= 18"
            }
        },
        "node_modules/@octokit/openapi-types": {
            "version": "22.2.0",
            "resolved": "https://registry.npmjs.org/@octokit/openapi-types/-/openapi-types-22.2.0.tgz",
            "integrity": "sha512-QBhVjcUa9W7Wwhm6DBFu6ZZ+1/t/oYxqc2tp81Pi41YNuJinbFRx8B133qVOrAaBbF7D/m0Et6f9/pZt9Rc+tg=="
        },
        "node_modules/@octokit/plugin-paginate-rest": {
            "version": "11.3.1",
            "resolved": "https://registry.npmjs.org/@octokit/plugin-paginate-rest/-/plugin-paginate-rest-11.3.1.tgz",
            "integrity": "sha512-ryqobs26cLtM1kQxqeZui4v8FeznirUsksiA+RYemMPJ7Micju0WSkv50dBksTuZks9O5cg4wp+t8fZ/cLY56g==",
            "dependencies": {
                "@octokit/types": "^13.5.0"
            },
            "engines": {
                "node": ">= 18"
            },
            "peerDependencies": {
                "@octokit/core": "5"
            }
        },
        "node_modules/@octokit/plugin-request-log": {
            "version": "4.0.0",
            "resolved": "https://registry.npmjs.org/@octokit/plugin-request-log/-/plugin-request-log-4.0.0.tgz",
            "integrity": "sha512-2uJI1COtYCq8Z4yNSnM231TgH50bRkheQ9+aH8TnZanB6QilOnx8RMD2qsnamSOXtDj0ilxvevf5fGsBhBBzKA==",
            "engines": {
                "node": ">= 18"
            },
            "peerDependencies": {
                "@octokit/core": ">=5"
            }
        },
        "node_modules/@octokit/plugin-rest-endpoint-methods": {
            "version": "13.2.2",
            "resolved": "https://registry.npmjs.org/@octokit/plugin-rest-endpoint-methods/-/plugin-rest-endpoint-methods-13.2.2.tgz",
            "integrity": "sha512-EI7kXWidkt3Xlok5uN43suK99VWqc8OaIMktY9d9+RNKl69juoTyxmLoWPIZgJYzi41qj/9zU7G/ljnNOJ5AFA==",
            "dependencies": {
                "@octokit/types": "^13.5.0"
            },
            "engines": {
                "node": ">= 18"
            },
            "peerDependencies": {
                "@octokit/core": "^5"
            }
        },
        "node_modules/@octokit/request": {
            "version": "8.4.0",
            "resolved": "https://registry.npmjs.org/@octokit/request/-/request-8.4.0.tgz",
            "integrity": "sha512-9Bb014e+m2TgBeEJGEbdplMVWwPmL1FPtggHQRkV+WVsMggPtEkLKPlcVYm/o8xKLkpJ7B+6N8WfQMtDLX2Dpw==",
            "dependencies": {
                "@octokit/endpoint": "^9.0.1",
                "@octokit/request-error": "^5.1.0",
                "@octokit/types": "^13.1.0",
                "universal-user-agent": "^6.0.0"
            },
            "engines": {
                "node": ">= 18"
            }
        },
        "node_modules/@octokit/request-error": {
            "version": "5.1.0",
            "resolved": "https://registry.npmjs.org/@octokit/request-error/-/request-error-5.1.0.tgz",
            "integrity": "sha512-GETXfE05J0+7H2STzekpKObFe765O5dlAKUTLNGeH+x47z7JjXHfsHKo5z21D/o/IOZTUEI6nyWyR+bZVP/n5Q==",
            "dependencies": {
                "@octokit/types": "^13.1.0",
                "deprecation": "^2.0.0",
                "once": "^1.4.0"
            },
            "engines": {
                "node": ">= 18"
            }
        },
        "node_modules/@octokit/rest": {
            "version": "20.1.1",
            "resolved": "https://registry.npmjs.org/@octokit/rest/-/rest-20.1.1.tgz",
            "integrity": "sha512-MB4AYDsM5jhIHro/dq4ix1iWTLGToIGk6cWF5L6vanFaMble5jTX/UBQyiv05HsWnwUtY8JrfHy2LWfKwihqMw==",
            "dependencies": {
                "@octokit/core": "^5.0.2",
                "@octokit/plugin-paginate-rest": "11.3.1",
                "@octokit/plugin-request-log": "^4.0.0",
                "@octokit/plugin-rest-endpoint-methods": "13.2.2"
            },
            "engines": {
                "node": ">= 18"
            }
        },
        "node_modules/@octokit/types": {
            "version": "13.5.0",
            "resolved": "https://registry.npmjs.org/@octokit/types/-/types-13.5.0.tgz",
            "integrity": "sha512-HdqWTf5Z3qwDVlzCrP8UJquMwunpDiMPt5er+QjGzL4hqr/vBVY/MauQgS1xWxCDT1oMx1EULyqxncdCY/NVSQ==",
            "dependencies": {
                "@octokit/openapi-types": "^22.2.0"
            }
        },
        "node_modules/before-after-hook": {
            "version": "2.2.3",
            "resolved": "https://registry.npmjs.org/before-after-hook/-/before-after-hook-2.2.3.tgz",
            "integrity": "sha512-NzUnlZexiaH/46WDhANlyR2bXRopNg4F/zuSA3OpZnllCUgRaOF2znDioDWrmbNVsuZk6l9pMquQB38cfBZwkQ=="
        },
        "node_modules/child-process-promise": {
            "version": "2.2.1",
            "resolved": "https://registry.npmjs.org/child-process-promise/-/child-process-promise-2.2.1.tgz",
            "integrity": "sha512-Fi4aNdqBsr0mv+jgWxcZ/7rAIC2mgihrptyVI4foh/rrjY/3BNjfP9+oaiFx/fzim+1ZyCNBae0DlyfQhSugog==",
            "dependencies": {
                "cross-spawn": "^4.0.2",
                "node-version": "^1.0.0",
                "promise-polyfill": "^6.0.1"
            }
        },
        "node_modules/cross-spawn": {
            "version": "4.0.2",
            "resolved": "https://registry.npmjs.org/cross-spawn/-/cross-spawn-4.0.2.tgz",
            "integrity": "sha512-yAXz/pA1tD8Gtg2S98Ekf/sewp3Lcp3YoFKJ4Hkp5h5yLWnKVTDU0kwjKJ8NDCYcfTLfyGkzTikst+jWypT1iA==",
            "dependencies": {
                "lru-cache": "^4.0.1",
                "which": "^1.2.9"
            }
        },
        "node_modules/dayjs": {
            "version": "1.11.11",
            "resolved": "https://registry.npmjs.org/dayjs/-/dayjs-1.11.11.tgz",
            "integrity": "sha512-okzr3f11N6WuqYtZSvm+F776mB41wRZMhKP+hc34YdW+KmtYYK9iqvHSwo2k9FEH3fhGXvOPV6yz2IcSrfRUDg=="
        },
        "node_modules/deprecation": {
            "version": "2.3.1",
            "resolved": "https://registry.npmjs.org/deprecation/-/deprecation-2.3.1.tgz",
            "integrity": "sha512-xmHIy4F3scKVwMsQ4WnVaS8bHOx0DmVwRywosKhaILI0ywMDWPtBSku2HNxRvF7jtwDRsoEwYQSfbxj8b7RlJQ=="
        },
        "node_modules/isexe": {
            "version": "2.0.0",
            "resolved": "https://registry.npmjs.org/isexe/-/isexe-2.0.0.tgz",
            "integrity": "sha512-RHxMLp9lnKHGHRng9QFhRCMbYAcVpn69smSGcq3f36xjgVVWThj4qqLbTLlq7Ssj8B+fIQ1EuCEGI2lKsyQeIw=="
        },
        "node_modules/lru-cache": {
            "version": "4.1.5",
            "resolved": "https://registry.npmjs.org/lru-cache/-/lru-cache-4.1.5.tgz",
            "integrity": "sha512-sWZlbEP2OsHNkXrMl5GYk/jKk70MBng6UU4YI/qGDYbgf6YbP4EvmqISbXCoJiRKs+1bSpFHVgQxvJ17F2li5g==",
            "dependencies": {
                "pseudomap": "^1.0.2",
                "yallist": "^2.1.2"
            }
        },
        "node_modules/node-version": {
            "version": "1.2.0",
            "resolved": "https://registry.npmjs.org/node-version/-/node-version-1.2.0.tgz",
            "integrity": "sha512-ma6oU4Sk0qOoKEAymVoTvk8EdXEobdS7m/mAGhDJ8Rouugho48crHBORAmy5BoOcv8wraPM6xumapQp5hl4iIQ==",
            "engines": {
                "node": ">=6.0.0"
            }
        },
        "node_modules/once": {
            "version": "1.4.0",
            "resolved": "https://registry.npmjs.org/once/-/once-1.4.0.tgz",
            "integrity": "sha512-lNaJgI+2Q5URQBkccEKHTQOPaXdUxnZZElQTZY0MFUAuaEqe1E+Nyvgdz/aIyNi6Z9MzO5dv1H8n58/GELp3+w==",
            "dependencies": {
                "wrappy": "1"
            }
        },
        "node_modules/promise-polyfill": {
            "version": "6.1.0",
            "resolved": "https://registry.npmjs.org/promise-polyfill/-/promise-polyfill-6.1.0.tgz",
            "integrity": "sha512-g0LWaH0gFsxovsU7R5LrrhHhWAWiHRnh1GPrhXnPgYsDkIqjRYUYSZEsej/wtleDrz5xVSIDbeKfidztp2XHFQ=="
        },
        "node_modules/pseudomap": {
            "version": "1.0.2",
            "resolved": "https://registry.npmjs.org/pseudomap/-/pseudomap-1.0.2.tgz",
            "integrity": "sha512-b/YwNhb8lk1Zz2+bXXpS/LK9OisiZZ1SNsSLxN1x2OXVEhW2Ckr/7mWE5vrC1ZTiJlD9g19jWszTmJsB+oEpFQ=="
        },
        "node_modules/tunnel": {
            "version": "0.0.6",
            "resolved": "https://registry.npmjs.org/tunnel/-/tunnel-0.0.6.tgz",
            "integrity": "sha512-1h/Lnq9yajKY2PEbBadPXj3VxsDDu844OnaAo52UVmIzIvwwtBPIuNvkjuzBlTWpfJyUbG3ez0KSBibQkj4ojg==",
            "engines": {
                "node": ">=0.6.11 <=0.7.0 || >=0.7.3"
            }
        },
        "node_modules/universal-user-agent": {
            "version": "6.0.1",
            "resolved": "https://registry.npmjs.org/universal-user-agent/-/universal-user-agent-6.0.1.tgz",
            "integrity": "sha512-yCzhz6FN2wU1NiiQRogkTQszlQSlpWaw8SvVegAc+bDxbzHgh1vX8uIe8OYyMH6DwH+sdTJsgMl36+mSMdRJIQ=="
        },
        "node_modules/uuid": {
            "version": "8.3.2",
            "resolved": "https://registry.npmjs.org/uuid/-/uuid-8.3.2.tgz",
            "integrity": "sha512-+NYs2QeMWy+GWFOEm9xnn6HCDp0l7QBD7ml8zLUmJ+93Q5NF0NocErnwkTkXVFNiX3/fpC6afS8Dhb/gz7R7eg==",
            "bin": {
                "uuid": "dist/bin/uuid"
            }
        },
        "node_modules/which": {
            "version": "1.3.1",
            "resolved": "https://registry.npmjs.org/which/-/which-1.3.1.tgz",
            "integrity": "sha512-HxJdYWq1MTIQbJ3nw0cqssHoTNU267KlrDuGZ1WYlxDStUtKUhOaJmh112/TZmHxxUfuJqPXSOm7tDyas0OSIQ==",
            "dependencies": {
                "isexe": "^2.0.0"
            },
            "bin": {
                "which": "bin/which"
            }
        },
        "node_modules/wrappy": {
            "version": "1.0.2",
            "resolved": "https://registry.npmjs.org/wrappy/-/wrappy-1.0.2.tgz",
            "integrity": "sha512-l4Sp/DRseor9wL6EvV2+TuQn63dMkPjZ/sp9XkghTEbV9KlPS1xUsZ3u7/IQO4wxtcFB4bgpQPRcR3QCvezPcQ=="
        },
        "node_modules/yallist": {
            "version": "2.1.2",
            "resolved": "https://registry.npmjs.org/yallist/-/yallist-2.1.2.tgz",
            "integrity": "sha512-ncTzHV7NvsQZkYe1DW7cbDLm0YpzHmZF5r/iyP3ZnQtMiJ+pjzisCiMNI+Sj+xQF5pXhSHxSB3uDbsBTzY/c2A=="
        }
    },
    "dependencies": {
        "@actions/core": {
            "version": "1.10.1",
            "resolved": "https://registry.npmjs.org/@actions/core/-/core-1.10.1.tgz",
            "integrity": "sha512-3lBR9EDAY+iYIpTnTIXmWcNbX3T2kCkAEQGIQx4NVQ0575nk2k3GRZDTPQG+vVtS2izSLmINlxXf0uLtnrTP+g==",
            "requires": {
                "@actions/http-client": "^2.0.1",
                "uuid": "^8.3.2"
            }
        },
        "@actions/http-client": {
            "version": "2.0.1",
            "resolved": "https://registry.npmjs.org/@actions/http-client/-/http-client-2.0.1.tgz",
            "integrity": "sha512-PIXiMVtz6VvyaRsGY268qvj57hXQEpsYogYOu2nrQhlf+XCGmZstmuZBbAybUl1nQGnvS1k1eEsQ69ZoD7xlSw==",
            "requires": {
                "tunnel": "^0.0.6"
            }
        },
        "@octokit/auth-token": {
            "version": "4.0.0",
            "resolved": "https://registry.npmjs.org/@octokit/auth-token/-/auth-token-4.0.0.tgz",
            "integrity": "sha512-tY/msAuJo6ARbK6SPIxZrPBms3xPbfwBrulZe0Wtr/DIY9lje2HeV1uoebShn6mx7SjCHif6EjMvoREj+gZ+SA=="
        },
        "@octokit/core": {
            "version": "5.2.0",
            "resolved": "https://registry.npmjs.org/@octokit/core/-/core-5.2.0.tgz",
            "integrity": "sha512-1LFfa/qnMQvEOAdzlQymH0ulepxbxnCYAKJZfMci/5XJyIHWgEYnDmgnKakbTh7CH2tFQ5O60oYDvns4i9RAIg==",
            "requires": {
                "@octokit/auth-token": "^4.0.0",
                "@octokit/graphql": "^7.1.0",
                "@octokit/request": "^8.3.1",
                "@octokit/request-error": "^5.1.0",
                "@octokit/types": "^13.0.0",
                "before-after-hook": "^2.2.0",
                "universal-user-agent": "^6.0.0"
            }
        },
        "@octokit/endpoint": {
            "version": "9.0.5",
            "resolved": "https://registry.npmjs.org/@octokit/endpoint/-/endpoint-9.0.5.tgz",
            "integrity": "sha512-ekqR4/+PCLkEBF6qgj8WqJfvDq65RH85OAgrtnVp1mSxaXF03u2xW/hUdweGS5654IlC0wkNYC18Z50tSYTAFw==",
            "requires": {
                "@octokit/types": "^13.1.0",
                "universal-user-agent": "^6.0.0"
            }
        },
        "@octokit/graphql": {
            "version": "7.1.0",
            "resolved": "https://registry.npmjs.org/@octokit/graphql/-/graphql-7.1.0.tgz",
            "integrity": "sha512-r+oZUH7aMFui1ypZnAvZmn0KSqAUgE1/tUXIWaqUCa1758ts/Jio84GZuzsvUkme98kv0WFY8//n0J1Z+vsIsQ==",
            "requires": {
                "@octokit/request": "^8.3.0",
                "@octokit/types": "^13.0.0",
                "universal-user-agent": "^6.0.0"
            }
        },
        "@octokit/openapi-types": {
            "version": "22.2.0",
            "resolved": "https://registry.npmjs.org/@octokit/openapi-types/-/openapi-types-22.2.0.tgz",
            "integrity": "sha512-QBhVjcUa9W7Wwhm6DBFu6ZZ+1/t/oYxqc2tp81Pi41YNuJinbFRx8B133qVOrAaBbF7D/m0Et6f9/pZt9Rc+tg=="
        },
        "@octokit/plugin-paginate-rest": {
            "version": "11.3.1",
            "resolved": "https://registry.npmjs.org/@octokit/plugin-paginate-rest/-/plugin-paginate-rest-11.3.1.tgz",
            "integrity": "sha512-ryqobs26cLtM1kQxqeZui4v8FeznirUsksiA+RYemMPJ7Micju0WSkv50dBksTuZks9O5cg4wp+t8fZ/cLY56g==",
            "requires": {
                "@octokit/types": "^13.5.0"
            }
        },
        "@octokit/plugin-request-log": {
            "version": "4.0.0",
            "resolved": "https://registry.npmjs.org/@octokit/plugin-request-log/-/plugin-request-log-4.0.0.tgz",
            "integrity": "sha512-2uJI1COtYCq8Z4yNSnM231TgH50bRkheQ9+aH8TnZanB6QilOnx8RMD2qsnamSOXtDj0ilxvevf5fGsBhBBzKA==",
            "requires": {}
        },
        "@octokit/plugin-rest-endpoint-methods": {
            "version": "13.2.2",
            "resolved": "https://registry.npmjs.org/@octokit/plugin-rest-endpoint-methods/-/plugin-rest-endpoint-methods-13.2.2.tgz",
            "integrity": "sha512-EI7kXWidkt3Xlok5uN43suK99VWqc8OaIMktY9d9+RNKl69juoTyxmLoWPIZgJYzi41qj/9zU7G/ljnNOJ5AFA==",
            "requires": {
                "@octokit/types": "^13.5.0"
            }
        },
        "@octokit/request": {
            "version": "8.4.0",
            "resolved": "https://registry.npmjs.org/@octokit/request/-/request-8.4.0.tgz",
            "integrity": "sha512-9Bb014e+m2TgBeEJGEbdplMVWwPmL1FPtggHQRkV+WVsMggPtEkLKPlcVYm/o8xKLkpJ7B+6N8WfQMtDLX2Dpw==",
            "requires": {
                "@octokit/endpoint": "^9.0.1",
                "@octokit/request-error": "^5.1.0",
                "@octokit/types": "^13.1.0",
                "universal-user-agent": "^6.0.0"
            }
        },
        "@octokit/request-error": {
            "version": "5.1.0",
            "resolved": "https://registry.npmjs.org/@octokit/request-error/-/request-error-5.1.0.tgz",
            "integrity": "sha512-GETXfE05J0+7H2STzekpKObFe765O5dlAKUTLNGeH+x47z7JjXHfsHKo5z21D/o/IOZTUEI6nyWyR+bZVP/n5Q==",
            "requires": {
                "@octokit/types": "^13.1.0",
                "deprecation": "^2.0.0",
                "once": "^1.4.0"
            }
        },
        "@octokit/rest": {
            "version": "20.1.1",
            "resolved": "https://registry.npmjs.org/@octokit/rest/-/rest-20.1.1.tgz",
            "integrity": "sha512-MB4AYDsM5jhIHro/dq4ix1iWTLGToIGk6cWF5L6vanFaMble5jTX/UBQyiv05HsWnwUtY8JrfHy2LWfKwihqMw==",
            "requires": {
                "@octokit/core": "^5.0.2",
                "@octokit/plugin-paginate-rest": "11.3.1",
                "@octokit/plugin-request-log": "^4.0.0",
                "@octokit/plugin-rest-endpoint-methods": "13.2.2"
            }
        },
        "@octokit/types": {
            "version": "13.5.0",
            "resolved": "https://registry.npmjs.org/@octokit/types/-/types-13.5.0.tgz",
            "integrity": "sha512-HdqWTf5Z3qwDVlzCrP8UJquMwunpDiMPt5er+QjGzL4hqr/vBVY/MauQgS1xWxCDT1oMx1EULyqxncdCY/NVSQ==",
            "requires": {
                "@octokit/openapi-types": "^22.2.0"
            }
        },
        "before-after-hook": {
            "version": "2.2.3",
            "resolved": "https://registry.npmjs.org/before-after-hook/-/before-after-hook-2.2.3.tgz",
            "integrity": "sha512-NzUnlZexiaH/46WDhANlyR2bXRopNg4F/zuSA3OpZnllCUgRaOF2znDioDWrmbNVsuZk6l9pMquQB38cfBZwkQ=="
        },
        "child-process-promise": {
            "version": "2.2.1",
            "resolved": "https://registry.npmjs.org/child-process-promise/-/child-process-promise-2.2.1.tgz",
            "integrity": "sha512-Fi4aNdqBsr0mv+jgWxcZ/7rAIC2mgihrptyVI4foh/rrjY/3BNjfP9+oaiFx/fzim+1ZyCNBae0DlyfQhSugog==",
            "requires": {
                "cross-spawn": "^4.0.2",
                "node-version": "^1.0.0",
                "promise-polyfill": "^6.0.1"
            }
        },
        "cross-spawn": {
            "version": "4.0.2",
            "resolved": "https://registry.npmjs.org/cross-spawn/-/cross-spawn-4.0.2.tgz",
            "integrity": "sha512-yAXz/pA1tD8Gtg2S98Ekf/sewp3Lcp3YoFKJ4Hkp5h5yLWnKVTDU0kwjKJ8NDCYcfTLfyGkzTikst+jWypT1iA==",
            "requires": {
                "lru-cache": "^4.0.1",
                "which": "^1.2.9"
            }
        },
        "dayjs": {
            "version": "1.11.11",
            "resolved": "https://registry.npmjs.org/dayjs/-/dayjs-1.11.11.tgz",
            "integrity": "sha512-okzr3f11N6WuqYtZSvm+F776mB41wRZMhKP+hc34YdW+KmtYYK9iqvHSwo2k9FEH3fhGXvOPV6yz2IcSrfRUDg=="
        },
        "deprecation": {
            "version": "2.3.1",
            "resolved": "https://registry.npmjs.org/deprecation/-/deprecation-2.3.1.tgz",
            "integrity": "sha512-xmHIy4F3scKVwMsQ4WnVaS8bHOx0DmVwRywosKhaILI0ywMDWPtBSku2HNxRvF7jtwDRsoEwYQSfbxj8b7RlJQ=="
        },
        "isexe": {
            "version": "2.0.0",
            "resolved": "https://registry.npmjs.org/isexe/-/isexe-2.0.0.tgz",
            "integrity": "sha512-RHxMLp9lnKHGHRng9QFhRCMbYAcVpn69smSGcq3f36xjgVVWThj4qqLbTLlq7Ssj8B+fIQ1EuCEGI2lKsyQeIw=="
        },
        "lru-cache": {
            "version": "4.1.5",
            "resolved": "https://registry.npmjs.org/lru-cache/-/lru-cache-4.1.5.tgz",
            "integrity": "sha512-sWZlbEP2OsHNkXrMl5GYk/jKk70MBng6UU4YI/qGDYbgf6YbP4EvmqISbXCoJiRKs+1bSpFHVgQxvJ17F2li5g==",
            "requires": {
                "pseudomap": "^1.0.2",
                "yallist": "^2.1.2"
            }
        },
        "node-version": {
            "version": "1.2.0",
            "resolved": "https://registry.npmjs.org/node-version/-/node-version-1.2.0.tgz",
            "integrity": "sha512-ma6oU4Sk0qOoKEAymVoTvk8EdXEobdS7m/mAGhDJ8Rouugho48crHBORAmy5BoOcv8wraPM6xumapQp5hl4iIQ=="
        },
        "once": {
            "version": "1.4.0",
            "resolved": "https://registry.npmjs.org/once/-/once-1.4.0.tgz",
            "integrity": "sha512-lNaJgI+2Q5URQBkccEKHTQOPaXdUxnZZElQTZY0MFUAuaEqe1E+Nyvgdz/aIyNi6Z9MzO5dv1H8n58/GELp3+w==",
            "requires": {
                "wrappy": "1"
            }
        },
        "promise-polyfill": {
            "version": "6.1.0",
            "resolved": "https://registry.npmjs.org/promise-polyfill/-/promise-polyfill-6.1.0.tgz",
            "integrity": "sha512-g0LWaH0gFsxovsU7R5LrrhHhWAWiHRnh1GPrhXnPgYsDkIqjRYUYSZEsej/wtleDrz5xVSIDbeKfidztp2XHFQ=="
        },
        "pseudomap": {
            "version": "1.0.2",
            "resolved": "https://registry.npmjs.org/pseudomap/-/pseudomap-1.0.2.tgz",
            "integrity": "sha512-b/YwNhb8lk1Zz2+bXXpS/LK9OisiZZ1SNsSLxN1x2OXVEhW2Ckr/7mWE5vrC1ZTiJlD9g19jWszTmJsB+oEpFQ=="
        },
        "tunnel": {
            "version": "0.0.6",
            "resolved": "https://registry.npmjs.org/tunnel/-/tunnel-0.0.6.tgz",
            "integrity": "sha512-1h/Lnq9yajKY2PEbBadPXj3VxsDDu844OnaAo52UVmIzIvwwtBPIuNvkjuzBlTWpfJyUbG3ez0KSBibQkj4ojg=="
        },
        "universal-user-agent": {
            "version": "6.0.1",
            "resolved": "https://registry.npmjs.org/universal-user-agent/-/universal-user-agent-6.0.1.tgz",
            "integrity": "sha512-yCzhz6FN2wU1NiiQRogkTQszlQSlpWaw8SvVegAc+bDxbzHgh1vX8uIe8OYyMH6DwH+sdTJsgMl36+mSMdRJIQ=="
        },
        "uuid": {
            "version": "8.3.2",
            "resolved": "https://registry.npmjs.org/uuid/-/uuid-8.3.2.tgz",
            "integrity": "sha512-+NYs2QeMWy+GWFOEm9xnn6HCDp0l7QBD7ml8zLUmJ+93Q5NF0NocErnwkTkXVFNiX3/fpC6afS8Dhb/gz7R7eg=="
        },
        "which": {
            "version": "1.3.1",
            "resolved": "https://registry.npmjs.org/which/-/which-1.3.1.tgz",
            "integrity": "sha512-HxJdYWq1MTIQbJ3nw0cqssHoTNU267KlrDuGZ1WYlxDStUtKUhOaJmh112/TZmHxxUfuJqPXSOm7tDyas0OSIQ==",
            "requires": {
                "isexe": "^2.0.0"
            }
        },
        "wrappy": {
            "version": "1.0.2",
            "resolved": "https://registry.npmjs.org/wrappy/-/wrappy-1.0.2.tgz",
            "integrity": "sha512-l4Sp/DRseor9wL6EvV2+TuQn63dMkPjZ/sp9XkghTEbV9KlPS1xUsZ3u7/IQO4wxtcFB4bgpQPRcR3QCvezPcQ=="
        },
        "yallist": {
            "version": "2.1.2",
            "resolved": "https://registry.npmjs.org/yallist/-/yallist-2.1.2.tgz",
            "integrity": "sha512-ncTzHV7NvsQZkYe1DW7cbDLm0YpzHmZF5r/iyP3ZnQtMiJ+pjzisCiMNI+Sj+xQF5pXhSHxSB3uDbsBTzY/c2A=="
        }
    }
}
